// !$*UTF8*$!
{
	archiveVersion = 1;
	classes = {
	};
	objectVersion = 50;
	objects = {

/* Begin PBXBuildFile section */
		AB4839E121B85D0700A76705 /* AppDelegate.swift in Sources */ = {isa = PBXBuildFile; fileRef = AB4839E021B85D0700A76705 /* AppDelegate.swift */; };
		AB4839E321B85D0700A76705 /* PreviewController.swift in Sources */ = {isa = PBXBuildFile; fileRef = AB4839E221B85D0700A76705 /* PreviewController.swift */; };
		AB4839E621B85D0700A76705 /* Main.storyboard in Resources */ = {isa = PBXBuildFile; fileRef = AB4839E421B85D0700A76705 /* Main.storyboard */; };
		AB4839E821B85D0800A76705 /* Assets.xcassets in Resources */ = {isa = PBXBuildFile; fileRef = AB4839E721B85D0800A76705 /* Assets.xcassets */; };
		AB4839EB21B85D0800A76705 /* LaunchScreen.storyboard in Resources */ = {isa = PBXBuildFile; fileRef = AB4839E921B85D0800A76705 /* LaunchScreen.storyboard */; };
		AB4839F321B87ADC00A76705 /* SlideItem.swift in Sources */ = {isa = PBXBuildFile; fileRef = AB4839F221B87ADC00A76705 /* SlideItem.swift */; };
		AB4839F521B87AF600A76705 /* SlideItem.xib in Resources */ = {isa = PBXBuildFile; fileRef = AB4839F421B87AF600A76705 /* SlideItem.xib */; };
		AB4839F721B9DF2F00A76705 /* MainSearchViewController.swift in Sources */ = {isa = PBXBuildFile; fileRef = AB4839F621B9DF2F00A76705 /* MainSearchViewController.swift */; };
		AB4839F921BB0D9100A76705 /* BankModel.swift in Sources */ = {isa = PBXBuildFile; fileRef = AB4839F821BB0D9100A76705 /* BankModel.swift */; };
		AB4839FB21BB0F6100A76705 /* BankTableViewCell.swift in Sources */ = {isa = PBXBuildFile; fileRef = AB4839FA21BB0F6100A76705 /* BankTableViewCell.swift */; };
		ABB29B2021BD6A9F0072B878 /* CurrencyData.swift in Sources */ = {isa = PBXBuildFile; fileRef = ABB29B1F21BD6A9F0072B878 /* CurrencyData.swift */; };
		ABB29B2221BD6C850072B878 /* CurencyDataAdapter.swift in Sources */ = {isa = PBXBuildFile; fileRef = ABB29B2121BD6C850072B878 /* CurencyDataAdapter.swift */; };
		ABB29B2721BD6D2B0072B878 /* Currencies.swift in Sources */ = {isa = PBXBuildFile; fileRef = ABB29B2621BD6D2B0072B878 /* Currencies.swift */; };
		ABB29B2921BD6D650072B878 /* Organization.swift in Sources */ = {isa = PBXBuildFile; fileRef = ABB29B2821BD6D650072B878 /* Organization.swift */; };
		ABB29B2B21BD6D900072B878 /* Currency.swift in Sources */ = {isa = PBXBuildFile; fileRef = ABB29B2A21BD6D900072B878 /* Currency.swift */; };
		ABB29B3121BDA15D0072B878 /* UIImageView+Cache.swift in Sources */ = {isa = PBXBuildFile; fileRef = ABB29B3021BDA15D0072B878 /* UIImageView+Cache.swift */; };
		ABB29B3321BDB15B0072B878 /* BankInfoViewController.swift in Sources */ = {isa = PBXBuildFile; fileRef = ABB29B3221BDB15B0072B878 /* BankInfoViewController.swift */; };
		ABB29B3521BDE2160072B878 /* MapViewController.swift in Sources */ = {isa = PBXBuildFile; fileRef = ABB29B3421BDE2160072B878 /* MapViewController.swift */; };
		ABB29B3721BDE8650072B878 /* UIImage+Color.swift in Sources */ = {isa = PBXBuildFile; fileRef = ABB29B3621BDE8650072B878 /* UIImage+Color.swift */; };
		ABB29B3F21BE0AEE0072B878 /* CurrencyTableViewCell.swift in Sources */ = {isa = PBXBuildFile; fileRef = ABB29B3E21BE0AEE0072B878 /* CurrencyTableViewCell.swift */; };
		ABB29B4121BE1E650072B878 /* CurrencyModel.swift in Sources */ = {isa = PBXBuildFile; fileRef = ABB29B4021BE1E650072B878 /* CurrencyModel.swift */; };
		ABB29B4321BE217B0072B878 /* TableView+WrapContent.swift in Sources */ = {isa = PBXBuildFile; fileRef = ABB29B4221BE217B0072B878 /* TableView+WrapContent.swift */; };
/* End PBXBuildFile section */

/* Begin PBXFileReference section */
		AB4839DD21B85D0700A76705 /* final_bank.app */ = {isa = PBXFileReference; explicitFileType = wrapper.application; includeInIndex = 0; path = final_bank.app; sourceTree = BUILT_PRODUCTS_DIR; };
		AB4839E021B85D0700A76705 /* AppDelegate.swift */ = {isa = PBXFileReference; lastKnownFileType = sourcecode.swift; path = AppDelegate.swift; sourceTree = "<group>"; };
		AB4839E221B85D0700A76705 /* PreviewController.swift */ = {isa = PBXFileReference; lastKnownFileType = sourcecode.swift; path = PreviewController.swift; sourceTree = "<group>"; };
		AB4839E521B85D0700A76705 /* Base */ = {isa = PBXFileReference; lastKnownFileType = file.storyboard; name = Base; path = Base.lproj/Main.storyboard; sourceTree = "<group>"; };
		AB4839E721B85D0800A76705 /* Assets.xcassets */ = {isa = PBXFileReference; lastKnownFileType = folder.assetcatalog; path = Assets.xcassets; sourceTree = "<group>"; };
		AB4839EA21B85D0800A76705 /* Base */ = {isa = PBXFileReference; lastKnownFileType = file.storyboard; name = Base; path = Base.lproj/LaunchScreen.storyboard; sourceTree = "<group>"; };
		AB4839EC21B85D0800A76705 /* Info.plist */ = {isa = PBXFileReference; lastKnownFileType = text.plist.xml; path = Info.plist; sourceTree = "<group>"; };
		AB4839F221B87ADC00A76705 /* SlideItem.swift */ = {isa = PBXFileReference; lastKnownFileType = sourcecode.swift; path = SlideItem.swift; sourceTree = "<group>"; };
		AB4839F421B87AF600A76705 /* SlideItem.xib */ = {isa = PBXFileReference; lastKnownFileType = file.xib; path = SlideItem.xib; sourceTree = "<group>"; };
		AB4839F621B9DF2F00A76705 /* MainSearchViewController.swift */ = {isa = PBXFileReference; lastKnownFileType = sourcecode.swift; path = MainSearchViewController.swift; sourceTree = "<group>"; };
		AB4839F821BB0D9100A76705 /* BankModel.swift */ = {isa = PBXFileReference; lastKnownFileType = sourcecode.swift; path = BankModel.swift; sourceTree = "<group>"; };
		AB4839FA21BB0F6100A76705 /* BankTableViewCell.swift */ = {isa = PBXFileReference; lastKnownFileType = sourcecode.swift; path = BankTableViewCell.swift; sourceTree = "<group>"; };
		ABB29B1F21BD6A9F0072B878 /* CurrencyData.swift */ = {isa = PBXFileReference; lastKnownFileType = sourcecode.swift; path = CurrencyData.swift; sourceTree = "<group>"; };
		ABB29B2121BD6C850072B878 /* CurencyDataAdapter.swift */ = {isa = PBXFileReference; lastKnownFileType = sourcecode.swift; path = CurencyDataAdapter.swift; sourceTree = "<group>"; };
		ABB29B2621BD6D2B0072B878 /* Currencies.swift */ = {isa = PBXFileReference; lastKnownFileType = sourcecode.swift; path = Currencies.swift; sourceTree = "<group>"; };
		ABB29B2821BD6D650072B878 /* Organization.swift */ = {isa = PBXFileReference; lastKnownFileType = sourcecode.swift; path = Organization.swift; sourceTree = "<group>"; };
		ABB29B2A21BD6D900072B878 /* Currency.swift */ = {isa = PBXFileReference; lastKnownFileType = sourcecode.swift; path = Currency.swift; sourceTree = "<group>"; };
		ABB29B3021BDA15D0072B878 /* UIImageView+Cache.swift */ = {isa = PBXFileReference; lastKnownFileType = sourcecode.swift; path = "UIImageView+Cache.swift"; sourceTree = "<group>"; };
		ABB29B3221BDB15B0072B878 /* BankInfoViewController.swift */ = {isa = PBXFileReference; lastKnownFileType = sourcecode.swift; path = BankInfoViewController.swift; sourceTree = "<group>"; };
		ABB29B3421BDE2160072B878 /* MapViewController.swift */ = {isa = PBXFileReference; lastKnownFileType = sourcecode.swift; name = MapViewController.swift; path = final_bank/Controllers/MapViewController.swift; sourceTree = SOURCE_ROOT; };
		ABB29B3621BDE8650072B878 /* UIImage+Color.swift */ = {isa = PBXFileReference; lastKnownFileType = sourcecode.swift; path = "UIImage+Color.swift"; sourceTree = "<group>"; };
		ABB29B3E21BE0AEE0072B878 /* CurrencyTableViewCell.swift */ = {isa = PBXFileReference; lastKnownFileType = sourcecode.swift; path = CurrencyTableViewCell.swift; sourceTree = "<group>"; };
		ABB29B4021BE1E650072B878 /* CurrencyModel.swift */ = {isa = PBXFileReference; lastKnownFileType = sourcecode.swift; path = CurrencyModel.swift; sourceTree = "<group>"; };
		ABB29B4221BE217B0072B878 /* TableView+WrapContent.swift */ = {isa = PBXFileReference; lastKnownFileType = sourcecode.swift; path = "TableView+WrapContent.swift"; sourceTree = "<group>"; };
/* End PBXFileReference section */

/* Begin PBXFrameworksBuildPhase section */
		AB4839DA21B85D0700A76705 /* Frameworks */ = {
			isa = PBXFrameworksBuildPhase;
			buildActionMask = 2147483647;
			files = (
			);
			runOnlyForDeploymentPostprocessing = 0;
		};
/* End PBXFrameworksBuildPhase section */

/* Begin PBXGroup section */
		AB4839D421B85D0700A76705 = {
			isa = PBXGroup;
			children = (
				AB4839DF21B85D0700A76705 /* final_bank */,
				AB4839DE21B85D0700A76705 /* Products */,
			);
			sourceTree = "<group>";
		};
		AB4839DE21B85D0700A76705 /* Products */ = {
			isa = PBXGroup;
			children = (
				AB4839DD21B85D0700A76705 /* final_bank.app */,
			);
			name = Products;
			sourceTree = "<group>";
		};
		AB4839DF21B85D0700A76705 /* final_bank */ = {
			isa = PBXGroup;
			children = (
				ABB29B3B21BDF84C0072B878 /* Models */,
				ABB29B3A21BDF83A0072B878 /* Extensions */,
				ABB29B3921BDF8220072B878 /* Items */,
				ABB29B3821BDF7FE0072B878 /* Controllers */,
				ABB29B2321BD6CB80072B878 /* CurrencyInfo */,
				AB4839E021B85D0700A76705 /* AppDelegate.swift */,
				AB4839E421B85D0700A76705 /* Main.storyboard */,
				AB4839E721B85D0800A76705 /* Assets.xcassets */,
				AB4839E921B85D0800A76705 /* LaunchScreen.storyboard */,
				AB4839EC21B85D0800A76705 /* Info.plist */,
			);
			path = final_bank;
			sourceTree = "<group>";
		};
		ABB29B2321BD6CB80072B878 /* CurrencyInfo */ = {
			isa = PBXGroup;
			children = (
				ABB29B1F21BD6A9F0072B878 /* CurrencyData.swift */,
				ABB29B2121BD6C850072B878 /* CurencyDataAdapter.swift */,
				ABB29B2621BD6D2B0072B878 /* Currencies.swift */,
				ABB29B2821BD6D650072B878 /* Organization.swift */,
				ABB29B2A21BD6D900072B878 /* Currency.swift */,
			);
			path = CurrencyInfo;
			sourceTree = "<group>";
		};
		ABB29B3821BDF7FE0072B878 /* Controllers */ = {
			isa = PBXGroup;
			children = (
				ABB29B3421BDE2160072B878 /* MapViewController.swift */,
				AB4839F621B9DF2F00A76705 /* MainSearchViewController.swift */,
				ABB29B3221BDB15B0072B878 /* BankInfoViewController.swift */,
				AB4839E221B85D0700A76705 /* PreviewController.swift */,
			);
			path = Controllers;
			sourceTree = "<group>";
		};
		ABB29B3921BDF8220072B878 /* Items */ = {
			isa = PBXGroup;
			children = (
				AB4839F421B87AF600A76705 /* SlideItem.xib */,
				AB4839FA21BB0F6100A76705 /* BankTableViewCell.swift */,
				AB4839F221B87ADC00A76705 /* SlideItem.swift */,
				ABB29B3E21BE0AEE0072B878 /* CurrencyTableViewCell.swift */,
			);
			path = Items;
			sourceTree = "<group>";
		};
		ABB29B3A21BDF83A0072B878 /* Extensions */ = {
			isa = PBXGroup;
			children = (
				ABB29B3021BDA15D0072B878 /* UIImageView+Cache.swift */,
				ABB29B3621BDE8650072B878 /* UIImage+Color.swift */,
				ABB29B4221BE217B0072B878 /* TableView+WrapContent.swift */,
			);
			path = Extensions;
			sourceTree = "<group>";
		};
		ABB29B3B21BDF84C0072B878 /* Models */ = {
			isa = PBXGroup;
			children = (
				AB4839F821BB0D9100A76705 /* BankModel.swift */,
				ABB29B4021BE1E650072B878 /* CurrencyModel.swift */,
			);
			path = Models;
			sourceTree = "<group>";
		};
/* End PBXGroup section */

/* Begin PBXNativeTarget section */
		AB4839DC21B85D0700A76705 /* final_bank */ = {
			isa = PBXNativeTarget;
			buildConfigurationList = AB4839EF21B85D0800A76705 /* Build configuration list for PBXNativeTarget "final_bank" */;
			buildPhases = (
				AB4839D921B85D0700A76705 /* Sources */,
				AB4839DA21B85D0700A76705 /* Frameworks */,
				AB4839DB21B85D0700A76705 /* Resources */,
			);
			buildRules = (
			);
			dependencies = (
			);
			name = final_bank;
			productName = final_bank;
			productReference = AB4839DD21B85D0700A76705 /* final_bank.app */;
			productType = "com.apple.product-type.application";
		};
/* End PBXNativeTarget section */

/* Begin PBXProject section */
		AB4839D521B85D0700A76705 /* Project object */ = {
			isa = PBXProject;
			attributes = {
				LastSwiftUpdateCheck = 1010;
				LastUpgradeCheck = 1010;
				ORGANIZATIONNAME = "Andrii Nazar";
				TargetAttributes = {
					AB4839DC21B85D0700A76705 = {
						CreatedOnToolsVersion = 10.1;
					};
				};
			};
			buildConfigurationList = AB4839D821B85D0700A76705 /* Build configuration list for PBXProject "final_bank" */;
			compatibilityVersion = "Xcode 9.3";
			developmentRegion = en;
			hasScannedForEncodings = 0;
			knownRegions = (
				en,
				Base,
			);
			mainGroup = AB4839D421B85D0700A76705;
			productRefGroup = AB4839DE21B85D0700A76705 /* Products */;
			projectDirPath = "";
			projectRoot = "";
			targets = (
				AB4839DC21B85D0700A76705 /* final_bank */,
			);
		};
/* End PBXProject section */

/* Begin PBXResourcesBuildPhase section */
		AB4839DB21B85D0700A76705 /* Resources */ = {
			isa = PBXResourcesBuildPhase;
			buildActionMask = 2147483647;
			files = (
				AB4839EB21B85D0800A76705 /* LaunchScreen.storyboard in Resources */,
				AB4839E821B85D0800A76705 /* Assets.xcassets in Resources */,
				AB4839F521B87AF600A76705 /* SlideItem.xib in Resources */,
				AB4839E621B85D0700A76705 /* Main.storyboard in Resources */,
			);
			runOnlyForDeploymentPostprocessing = 0;
		};
/* End PBXResourcesBuildPhase section */

/* Begin PBXSourcesBuildPhase section */
		AB4839D921B85D0700A76705 /* Sources */ = {
			isa = PBXSourcesBuildPhase;
			buildActionMask = 2147483647;
			files = (
				ABB29B2B21BD6D900072B878 /* Currency.swift in Sources */,
				AB4839E321B85D0700A76705 /* PreviewController.swift in Sources */,
				ABB29B3721BDE8650072B878 /* UIImage+Color.swift in Sources */,
				ABB29B3321BDB15B0072B878 /* BankInfoViewController.swift in Sources */,
				ABB29B3F21BE0AEE0072B878 /* CurrencyTableViewCell.swift in Sources */,
				ABB29B4321BE217B0072B878 /* TableView+WrapContent.swift in Sources */,
				AB4839F921BB0D9100A76705 /* BankModel.swift in Sources */,
				ABB29B2921BD6D650072B878 /* Organization.swift in Sources */,
				AB4839E121B85D0700A76705 /* AppDelegate.swift in Sources */,
				ABB29B3121BDA15D0072B878 /* UIImageView+Cache.swift in Sources */,
				AB4839F321B87ADC00A76705 /* SlideItem.swift in Sources */,
				ABB29B2721BD6D2B0072B878 /* Currencies.swift in Sources */,
				ABB29B2021BD6A9F0072B878 /* CurrencyData.swift in Sources */,
				AB4839F721B9DF2F00A76705 /* MainSearchViewController.swift in Sources */,
				AB4839FB21BB0F6100A76705 /* BankTableViewCell.swift in Sources */,
				ABB29B2221BD6C850072B878 /* CurencyDataAdapter.swift in Sources */,
				ABB29B3521BDE2160072B878 /* MapViewController.swift in Sources */,
				ABB29B4121BE1E650072B878 /* CurrencyModel.swift in Sources */,
			);
			runOnlyForDeploymentPostprocessing = 0;
		};
/* End PBXSourcesBuildPhase section */

/* Begin PBXVariantGroup section */
		AB4839E421B85D0700A76705 /* Main.storyboard */ = {
			isa = PBXVariantGroup;
			children = (
				AB4839E521B85D0700A76705 /* Base */,
			);
			name = Main.storyboard;
			sourceTree = "<group>";
		};
		AB4839E921B85D0800A76705 /* LaunchScreen.storyboard */ = {
			isa = PBXVariantGroup;
			children = (
				AB4839EA21B85D0800A76705 /* Base */,
			);
			name = LaunchScreen.storyboard;
			sourceTree = "<group>";
		};
/* End PBXVariantGroup section */

/* Begin XCBuildConfiguration section */
		AB4839ED21B85D0800A76705 /* Debug */ = {
			isa = XCBuildConfiguration;
			buildSettings = {
				ALWAYS_SEARCH_USER_PATHS = NO;
				CLANG_ANALYZER_NONNULL = YES;
				CLANG_ANALYZER_NUMBER_OBJECT_CONVERSION = YES_AGGRESSIVE;
				CLANG_CXX_LANGUAGE_STANDARD = "gnu++14";
				CLANG_CXX_LIBRARY = "libc++";
				CLANG_ENABLE_MODULES = YES;
				CLANG_ENABLE_OBJC_ARC = YES;
				CLANG_ENABLE_OBJC_WEAK = YES;
				CLANG_WARN_BLOCK_CAPTURE_AUTORELEASING = YES;
				CLANG_WARN_BOOL_CONVERSION = YES;
				CLANG_WARN_COMMA = YES;
				CLANG_WARN_CONSTANT_CONVERSION = YES;
				CLANG_WARN_DEPRECATED_OBJC_IMPLEMENTATIONS = YES;
				CLANG_WARN_DIRECT_OBJC_ISA_USAGE = YES_ERROR;
				CLANG_WARN_DOCUMENTATION_COMMENTS = YES;
				CLANG_WARN_EMPTY_BODY = YES;
				CLANG_WARN_ENUM_CONVERSION = YES;
				CLANG_WARN_INFINITE_RECURSION = YES;
				CLANG_WARN_INT_CONVERSION = YES;
				CLANG_WARN_NON_LITERAL_NULL_CONVERSION = YES;
				CLANG_WARN_OBJC_IMPLICIT_RETAIN_SELF = YES;
				CLANG_WARN_OBJC_LITERAL_CONVERSION = YES;
				CLANG_WARN_OBJC_ROOT_CLASS = YES_ERROR;
				CLANG_WARN_RANGE_LOOP_ANALYSIS = YES;
				CLANG_WARN_STRICT_PROTOTYPES = YES;
				CLANG_WARN_SUSPICIOUS_MOVE = YES;
				CLANG_WARN_UNGUARDED_AVAILABILITY = YES_AGGRESSIVE;
				CLANG_WARN_UNREACHABLE_CODE = YES;
				CLANG_WARN__DUPLICATE_METHOD_MATCH = YES;
				CODE_SIGN_IDENTITY = "iPhone Developer";
				COPY_PHASE_STRIP = NO;
				DEBUG_INFORMATION_FORMAT = dwarf;
				ENABLE_STRICT_OBJC_MSGSEND = YES;
				ENABLE_TESTABILITY = YES;
				GCC_C_LANGUAGE_STANDARD = gnu11;
				GCC_DYNAMIC_NO_PIC = NO;
				GCC_NO_COMMON_BLOCKS = YES;
				GCC_OPTIMIZATION_LEVEL = 0;
				GCC_PREPROCESSOR_DEFINITIONS = (
					"DEBUG=1",
					"$(inherited)",
				);
				GCC_WARN_64_TO_32_BIT_CONVERSION = YES;
				GCC_WARN_ABOUT_RETURN_TYPE = YES_ERROR;
				GCC_WARN_UNDECLARED_SELECTOR = YES;
				GCC_WARN_UNINITIALIZED_AUTOS = YES_AGGRESSIVE;
				GCC_WARN_UNUSED_FUNCTION = YES;
				GCC_WARN_UNUSED_VARIABLE = YES;
				IPHONEOS_DEPLOYMENT_TARGET = 12.1;
				MTL_ENABLE_DEBUG_INFO = INCLUDE_SOURCE;
				MTL_FAST_MATH = YES;
				ONLY_ACTIVE_ARCH = YES;
				SDKROOT = iphoneos;
				SWIFT_ACTIVE_COMPILATION_CONDITIONS = DEBUG;
				SWIFT_OPTIMIZATION_LEVEL = "-Onone";
			};
			name = Debug;
		};
		AB4839EE21B85D0800A76705 /* Release */ = {
			isa = XCBuildConfiguration;
			buildSettings = {
				ALWAYS_SEARCH_USER_PATHS = NO;
				CLANG_ANALYZER_NONNULL = YES;
				CLANG_ANALYZER_NUMBER_OBJECT_CONVERSION = YES_AGGRESSIVE;
				CLANG_CXX_LANGUAGE_STANDARD = "gnu++14";
				CLANG_CXX_LIBRARY = "libc++";
				CLANG_ENABLE_MODULES = YES;
				CLANG_ENABLE_OBJC_ARC = YES;
				CLANG_ENABLE_OBJC_WEAK = YES;
				CLANG_WARN_BLOCK_CAPTURE_AUTORELEASING = YES;
				CLANG_WARN_BOOL_CONVERSION = YES;
				CLANG_WARN_COMMA = YES;
				CLANG_WARN_CONSTANT_CONVERSION = YES;
				CLANG_WARN_DEPRECATED_OBJC_IMPLEMENTATIONS = YES;
				CLANG_WARN_DIRECT_OBJC_ISA_USAGE = YES_ERROR;
				CLANG_WARN_DOCUMENTATION_COMMENTS = YES;
				CLANG_WARN_EMPTY_BODY = YES;
				CLANG_WARN_ENUM_CONVERSION = YES;
				CLANG_WARN_INFINITE_RECURSION = YES;
				CLANG_WARN_INT_CONVERSION = YES;
				CLANG_WARN_NON_LITERAL_NULL_CONVERSION = YES;
				CLANG_WARN_OBJC_IMPLICIT_RETAIN_SELF = YES;
				CLANG_WARN_OBJC_LITERAL_CONVERSION = YES;
				CLANG_WARN_OBJC_ROOT_CLASS = YES_ERROR;
				CLANG_WARN_RANGE_LOOP_ANALYSIS = YES;
				CLANG_WARN_STRICT_PROTOTYPES = YES;
				CLANG_WARN_SUSPICIOUS_MOVE = YES;
				CLANG_WARN_UNGUARDED_AVAILABILITY = YES_AGGRESSIVE;
				CLANG_WARN_UNREACHABLE_CODE = YES;
				CLANG_WARN__DUPLICATE_METHOD_MATCH = YES;
				CODE_SIGN_IDENTITY = "iPhone Developer";
				COPY_PHASE_STRIP = NO;
				DEBUG_INFORMATION_FORMAT = "dwarf-with-dsym";
				ENABLE_NS_ASSERTIONS = NO;
				ENABLE_STRICT_OBJC_MSGSEND = YES;
				GCC_C_LANGUAGE_STANDARD = gnu11;
				GCC_NO_COMMON_BLOCKS = YES;
				GCC_WARN_64_TO_32_BIT_CONVERSION = YES;
				GCC_WARN_ABOUT_RETURN_TYPE = YES_ERROR;
				GCC_WARN_UNDECLARED_SELECTOR = YES;
				GCC_WARN_UNINITIALIZED_AUTOS = YES_AGGRESSIVE;
				GCC_WARN_UNUSED_FUNCTION = YES;
				GCC_WARN_UNUSED_VARIABLE = YES;
				IPHONEOS_DEPLOYMENT_TARGET = 12.1;
				MTL_ENABLE_DEBUG_INFO = NO;
				MTL_FAST_MATH = YES;
				SDKROOT = iphoneos;
				SWIFT_COMPILATION_MODE = wholemodule;
				SWIFT_OPTIMIZATION_LEVEL = "-O";
				VALIDATE_PRODUCT = YES;
			};
			name = Release;
		};
		AB4839F021B85D0800A76705 /* Debug */ = {
			isa = XCBuildConfiguration;
			buildSettings = {
				ASSETCATALOG_COMPILER_APPICON_NAME = AppIcon;
				CODE_SIGN_STYLE = Automatic;
				DEVELOPMENT_TEAM = "";
				INFOPLIST_FILE = final_bank/Info.plist;
				IPHONEOS_DEPLOYMENT_TARGET = 10.0;
				LD_RUNPATH_SEARCH_PATHS = (
					"$(inherited)",
					"@executable_path/Frameworks",
				);
				PRODUCT_BUNDLE_IDENTIFIER = com.test.bank;
				PRODUCT_NAME = "$(TARGET_NAME)";
				SWIFT_VERSION = 4.2;
				TARGETED_DEVICE_FAMILY = 1;
			};
			name = Debug;
		};
		AB4839F121B85D0800A76705 /* Release */ = {
			isa = XCBuildConfiguration;
			buildSettings = {
				ASSETCATALOG_COMPILER_APPICON_NAME = AppIcon;
				CODE_SIGN_STYLE = Automatic;
				DEVELOPMENT_TEAM = "";
				INFOPLIST_FILE = final_bank/Info.plist;
				IPHONEOS_DEPLOYMENT_TARGET = 10.0;
				LD_RUNPATH_SEARCH_PATHS = (
					"$(inherited)",
					"@executable_path/Frameworks",
				);
				PRODUCT_BUNDLE_IDENTIFIER = com.test.bank;
				PRODUCT_NAME = "$(TARGET_NAME)";
				SWIFT_VERSION = 4.2;
				TARGETED_DEVICE_FAMILY = 1;
			};
			name = Release;
		};
/* End XCBuildConfiguration section */

/* Begin XCConfigurationList section */
		AB4839D821B85D0700A76705 /* Build configuration list for PBXProject "final_bank" */ = {
			isa = XCConfigurationList;
			buildConfigurations = (
				AB4839ED21B85D0800A76705 /* Debug */,
				AB4839EE21B85D0800A76705 /* Release */,
			);
			defaultConfigurationIsVisible = 0;
			defaultConfigurationName = Release;
		};
		AB4839EF21B85D0800A76705 /* Build configuration list for PBXNativeTarget "final_bank" */ = {
			isa = XCConfigurationList;
			buildConfigurations = (
				AB4839F021B85D0800A76705 /* Debug */,
				AB4839F121B85D0800A76705 /* Release */,
			);
			defaultConfigurationIsVisible = 0;
			defaultConfigurationName = Release;
		};
/* End XCConfigurationList section */
	};
	rootObject = AB4839D521B85D0700A76705 /* Project object */;
}
