// !$*UTF8*$!
{
	archiveVersion = 1;
	classes = {
	};
	objectVersion = 50;
	objects = {

/* Begin PBXBuildFile section */
		AB0F831721B282980073DE99 /* NewUserViewController.swift in Sources */ = {isa = PBXBuildFile; fileRef = AB0F831621B282980073DE99 /* NewUserViewController.swift */; };
		AB0F831B21B2AC120073DE99 /* UserInfo.swift in Sources */ = {isa = PBXBuildFile; fileRef = AB0F831A21B2AC120073DE99 /* UserInfo.swift */; };
		AB0F831D21B2B65F0073DE99 /* DataSaveHelper.swift in Sources */ = {isa = PBXBuildFile; fileRef = AB0F831C21B2B65F0073DE99 /* DataSaveHelper.swift */; };
		AB0F832121B30C040073DE99 /* ImagePickerManeger.swift in Sources */ = {isa = PBXBuildFile; fileRef = AB0F832021B30C040073DE99 /* ImagePickerManeger.swift */; };
		AB0F832321B31DE50073DE99 /* UserFullInfo.swift in Sources */ = {isa = PBXBuildFile; fileRef = AB0F832221B31DE50073DE99 /* UserFullInfo.swift */; };
		AB9B2D7421B27A7F0059A83E /* AppDelegate.swift in Sources */ = {isa = PBXBuildFile; fileRef = AB9B2D7321B27A7F0059A83E /* AppDelegate.swift */; };
		AB9B2D7621B27A7F0059A83E /* ContactsController.swift in Sources */ = {isa = PBXBuildFile; fileRef = AB9B2D7521B27A7F0059A83E /* ContactsController.swift */; };
		AB9B2D7921B27A7F0059A83E /* Main.storyboard in Resources */ = {isa = PBXBuildFile; fileRef = AB9B2D7721B27A7F0059A83E /* Main.storyboard */; };
		AB9B2D7B21B27A820059A83E /* Assets.xcassets in Resources */ = {isa = PBXBuildFile; fileRef = AB9B2D7A21B27A820059A83E /* Assets.xcassets */; };
		AB9B2D7E21B27A820059A83E /* LaunchScreen.storyboard in Resources */ = {isa = PBXBuildFile; fileRef = AB9B2D7C21B27A820059A83E /* LaunchScreen.storyboard */; };
/* End PBXBuildFile section */

/* Begin PBXFileReference section */
		AB0F831621B282980073DE99 /* NewUserViewController.swift */ = {isa = PBXFileReference; lastKnownFileType = sourcecode.swift; path = NewUserViewController.swift; sourceTree = "<group>"; };
		AB0F831A21B2AC120073DE99 /* UserInfo.swift */ = {isa = PBXFileReference; lastKnownFileType = sourcecode.swift; path = UserInfo.swift; sourceTree = "<group>"; };
		AB0F831C21B2B65F0073DE99 /* DataSaveHelper.swift */ = {isa = PBXFileReference; lastKnownFileType = sourcecode.swift; path = DataSaveHelper.swift; sourceTree = "<group>"; };
		AB0F832021B30C040073DE99 /* ImagePickerManeger.swift */ = {isa = PBXFileReference; lastKnownFileType = sourcecode.swift; path = ImagePickerManeger.swift; sourceTree = "<group>"; };
		AB0F832221B31DE50073DE99 /* UserFullInfo.swift */ = {isa = PBXFileReference; lastKnownFileType = sourcecode.swift; path = UserFullInfo.swift; sourceTree = "<group>"; };
		AB9B2D7021B27A7F0059A83E /* homework18.app */ = {isa = PBXFileReference; explicitFileType = wrapper.application; includeInIndex = 0; path = homework18.app; sourceTree = BUILT_PRODUCTS_DIR; };
		AB9B2D7321B27A7F0059A83E /* AppDelegate.swift */ = {isa = PBXFileReference; lastKnownFileType = sourcecode.swift; path = AppDelegate.swift; sourceTree = "<group>"; };
		AB9B2D7521B27A7F0059A83E /* ContactsController.swift */ = {isa = PBXFileReference; lastKnownFileType = sourcecode.swift; path = ContactsController.swift; sourceTree = "<group>"; };
		AB9B2D7821B27A7F0059A83E /* Base */ = {isa = PBXFileReference; lastKnownFileType = file.storyboard; name = Base; path = Base.lproj/Main.storyboard; sourceTree = "<group>"; };
		AB9B2D7A21B27A820059A83E /* Assets.xcassets */ = {isa = PBXFileReference; lastKnownFileType = folder.assetcatalog; path = Assets.xcassets; sourceTree = "<group>"; };
		AB9B2D7D21B27A820059A83E /* Base */ = {isa = PBXFileReference; lastKnownFileType = file.storyboard; name = Base; path = Base.lproj/LaunchScreen.storyboard; sourceTree = "<group>"; };
		AB9B2D7F21B27A820059A83E /* Info.plist */ = {isa = PBXFileReference; lastKnownFileType = text.plist.xml; path = Info.plist; sourceTree = "<group>"; };
/* End PBXFileReference section */

/* Begin PBXFrameworksBuildPhase section */
		AB9B2D6D21B27A7F0059A83E /* Frameworks */ = {
			isa = PBXFrameworksBuildPhase;
			buildActionMask = 2147483647;
			files = (
			);
			runOnlyForDeploymentPostprocessing = 0;
		};
/* End PBXFrameworksBuildPhase section */

/* Begin PBXGroup section */
		AB9B2D6721B27A7F0059A83E = {
			isa = PBXGroup;
			children = (
				AB9B2D7221B27A7F0059A83E /* homework18 */,
				AB9B2D7121B27A7F0059A83E /* Products */,
			);
			sourceTree = "<group>";
		};
		AB9B2D7121B27A7F0059A83E /* Products */ = {
			isa = PBXGroup;
			children = (
				AB9B2D7021B27A7F0059A83E /* homework18.app */,
			);
			name = Products;
			sourceTree = "<group>";
		};
		AB9B2D7221B27A7F0059A83E /* homework18 */ = {
			isa = PBXGroup;
			children = (
				AB9B2D7321B27A7F0059A83E /* AppDelegate.swift */,
				AB9B2D7521B27A7F0059A83E /* ContactsController.swift */,
				AB9B2D7721B27A7F0059A83E /* Main.storyboard */,
				AB9B2D7A21B27A820059A83E /* Assets.xcassets */,
				AB9B2D7C21B27A820059A83E /* LaunchScreen.storyboard */,
				AB9B2D7F21B27A820059A83E /* Info.plist */,
				AB0F831621B282980073DE99 /* NewUserViewController.swift */,
				AB0F831A21B2AC120073DE99 /* UserInfo.swift */,
				AB0F831C21B2B65F0073DE99 /* DataSaveHelper.swift */,
				AB0F832021B30C040073DE99 /* ImagePickerManeger.swift */,
				AB0F832221B31DE50073DE99 /* UserFullInfo.swift */,
			);
			path = homework18;
			sourceTree = "<group>";
		};
/* End PBXGroup section */

/* Begin PBXNativeTarget section */
		AB9B2D6F21B27A7F0059A83E /* homework18 */ = {
			isa = PBXNativeTarget;
			buildConfigurationList = AB9B2D8221B27A820059A83E /* Build configuration list for PBXNativeTarget "homework18" */;
			buildPhases = (
				AB9B2D6C21B27A7F0059A83E /* Sources */,
				AB9B2D6D21B27A7F0059A83E /* Frameworks */,
				AB9B2D6E21B27A7F0059A83E /* Resources */,
			);
			buildRules = (
			);
			dependencies = (
			);
			name = homework18;
			productName = homework18;
			productReference = AB9B2D7021B27A7F0059A83E /* homework18.app */;
			productType = "com.apple.product-type.application";
		};
/* End PBXNativeTarget section */

/* Begin PBXProject section */
		AB9B2D6821B27A7F0059A83E /* Project object */ = {
			isa = PBXProject;
			attributes = {
				LastSwiftUpdateCheck = 1010;
				LastUpgradeCheck = 1010;
				ORGANIZATIONNAME = "Andrii Nazar";
				TargetAttributes = {
					AB9B2D6F21B27A7F0059A83E = {
						CreatedOnToolsVersion = 10.1;
					};
				};
			};
			buildConfigurationList = AB9B2D6B21B27A7F0059A83E /* Build configuration list for PBXProject "homework18" */;
			compatibilityVersion = "Xcode 9.3";
			developmentRegion = en;
			hasScannedForEncodings = 0;
			knownRegions = (
				en,
				Base,
			);
			mainGroup = AB9B2D6721B27A7F0059A83E;
			productRefGroup = AB9B2D7121B27A7F0059A83E /* Products */;
			projectDirPath = "";
			projectRoot = "";
			targets = (
				AB9B2D6F21B27A7F0059A83E /* homework18 */,
			);
		};
/* End PBXProject section */

/* Begin PBXResourcesBuildPhase section */
		AB9B2D6E21B27A7F0059A83E /* Resources */ = {
			isa = PBXResourcesBuildPhase;
			buildActionMask = 2147483647;
			files = (
				AB9B2D7E21B27A820059A83E /* LaunchScreen.storyboard in Resources */,
				AB9B2D7B21B27A820059A83E /* Assets.xcassets in Resources */,
				AB9B2D7921B27A7F0059A83E /* Main.storyboard in Resources */,
			);
			runOnlyForDeploymentPostprocessing = 0;
		};
/* End PBXResourcesBuildPhase section */

/* Begin PBXSourcesBuildPhase section */
		AB9B2D6C21B27A7F0059A83E /* Sources */ = {
			isa = PBXSourcesBuildPhase;
			buildActionMask = 2147483647;
			files = (
				AB0F831B21B2AC120073DE99 /* UserInfo.swift in Sources */,
				AB0F832121B30C040073DE99 /* ImagePickerManeger.swift in Sources */,
				AB0F832321B31DE50073DE99 /* UserFullInfo.swift in Sources */,
				AB0F831D21B2B65F0073DE99 /* DataSaveHelper.swift in Sources */,
				AB9B2D7621B27A7F0059A83E /* ContactsController.swift in Sources */,
				AB0F831721B282980073DE99 /* NewUserViewController.swift in Sources */,
				AB9B2D7421B27A7F0059A83E /* AppDelegate.swift in Sources */,
			);
			runOnlyForDeploymentPostprocessing = 0;
		};
/* End PBXSourcesBuildPhase section */

/* Begin PBXVariantGroup section */
		AB9B2D7721B27A7F0059A83E /* Main.storyboard */ = {
			isa = PBXVariantGroup;
			children = (
				AB9B2D7821B27A7F0059A83E /* Base */,
			);
			name = Main.storyboard;
			sourceTree = "<group>";
		};
		AB9B2D7C21B27A820059A83E /* LaunchScreen.storyboard */ = {
			isa = PBXVariantGroup;
			children = (
				AB9B2D7D21B27A820059A83E /* Base */,
			);
			name = LaunchScreen.storyboard;
			sourceTree = "<group>";
		};
/* End PBXVariantGroup section */

/* Begin XCBuildConfiguration section */
		AB9B2D8021B27A820059A83E /* Debug */ = {
			isa = XCBuildConfiguration;
			buildSettings = {
				ALWAYS_SEARCH_USER_PATHS = NO;
				CLANG_ANALYZER_NONNULL = YES;
				CLANG_ANALYZER_NUMBER_OBJECT_CONVERSION = YES_AGGRESSIVE;
				CLANG_CXX_LANGUAGE_STANDARD = "gnu++14";
				CLANG_CXX_LIBRARY = "libc++";
				CLANG_ENABLE_MODULES = YES;
				CLANG_ENABLE_OBJC_ARC = YES;
				CLANG_ENABLE_OBJC_WEAK = YES;
				CLANG_WARN_BLOCK_CAPTURE_AUTORELEASING = YES;
				CLANG_WARN_BOOL_CONVERSION = YES;
				CLANG_WARN_COMMA = YES;
				CLANG_WARN_CONSTANT_CONVERSION = YES;
				CLANG_WARN_DEPRECATED_OBJC_IMPLEMENTATIONS = YES;
				CLANG_WARN_DIRECT_OBJC_ISA_USAGE = YES_ERROR;
				CLANG_WARN_DOCUMENTATION_COMMENTS = YES;
				CLANG_WARN_EMPTY_BODY = YES;
				CLANG_WARN_ENUM_CONVERSION = YES;
				CLANG_WARN_INFINITE_RECURSION = YES;
				CLANG_WARN_INT_CONVERSION = YES;
				CLANG_WARN_NON_LITERAL_NULL_CONVERSION = YES;
				CLANG_WARN_OBJC_IMPLICIT_RETAIN_SELF = YES;
				CLANG_WARN_OBJC_LITERAL_CONVERSION = YES;
				CLANG_WARN_OBJC_ROOT_CLASS = YES_ERROR;
				CLANG_WARN_RANGE_LOOP_ANALYSIS = YES;
				CLANG_WARN_STRICT_PROTOTYPES = YES;
				CLANG_WARN_SUSPICIOUS_MOVE = YES;
				CLANG_WARN_UNGUARDED_AVAILABILITY = YES_AGGRESSIVE;
				CLANG_WARN_UNREACHABLE_CODE = YES;
				CLANG_WARN__DUPLICATE_METHOD_MATCH = YES;
				CODE_SIGN_IDENTITY = "iPhone Developer";
				COPY_PHASE_STRIP = NO;
				DEBUG_INFORMATION_FORMAT = dwarf;
				ENABLE_STRICT_OBJC_MSGSEND = YES;
				ENABLE_TESTABILITY = YES;
				GCC_C_LANGUAGE_STANDARD = gnu11;
				GCC_DYNAMIC_NO_PIC = NO;
				GCC_NO_COMMON_BLOCKS = YES;
				GCC_OPTIMIZATION_LEVEL = 0;
				GCC_PREPROCESSOR_DEFINITIONS = (
					"DEBUG=1",
					"$(inherited)",
				);
				GCC_WARN_64_TO_32_BIT_CONVERSION = YES;
				GCC_WARN_ABOUT_RETURN_TYPE = YES_ERROR;
				GCC_WARN_UNDECLARED_SELECTOR = YES;
				GCC_WARN_UNINITIALIZED_AUTOS = YES_AGGRESSIVE;
				GCC_WARN_UNUSED_FUNCTION = YES;
				GCC_WARN_UNUSED_VARIABLE = YES;
				IPHONEOS_DEPLOYMENT_TARGET = 12.1;
				MTL_ENABLE_DEBUG_INFO = INCLUDE_SOURCE;
				MTL_FAST_MATH = YES;
				ONLY_ACTIVE_ARCH = YES;
				SDKROOT = iphoneos;
				SWIFT_ACTIVE_COMPILATION_CONDITIONS = DEBUG;
				SWIFT_OPTIMIZATION_LEVEL = "-Onone";
			};
			name = Debug;
		};
		AB9B2D8121B27A820059A83E /* Release */ = {
			isa = XCBuildConfiguration;
			buildSettings = {
				ALWAYS_SEARCH_USER_PATHS = NO;
				CLANG_ANALYZER_NONNULL = YES;
				CLANG_ANALYZER_NUMBER_OBJECT_CONVERSION = YES_AGGRESSIVE;
				CLANG_CXX_LANGUAGE_STANDARD = "gnu++14";
				CLANG_CXX_LIBRARY = "libc++";
				CLANG_ENABLE_MODULES = YES;
				CLANG_ENABLE_OBJC_ARC = YES;
				CLANG_ENABLE_OBJC_WEAK = YES;
				CLANG_WARN_BLOCK_CAPTURE_AUTORELEASING = YES;
				CLANG_WARN_BOOL_CONVERSION = YES;
				CLANG_WARN_COMMA = YES;
				CLANG_WARN_CONSTANT_CONVERSION = YES;
				CLANG_WARN_DEPRECATED_OBJC_IMPLEMENTATIONS = YES;
				CLANG_WARN_DIRECT_OBJC_ISA_USAGE = YES_ERROR;
				CLANG_WARN_DOCUMENTATION_COMMENTS = YES;
				CLANG_WARN_EMPTY_BODY = YES;
				CLANG_WARN_ENUM_CONVERSION = YES;
				CLANG_WARN_INFINITE_RECURSION = YES;
				CLANG_WARN_INT_CONVERSION = YES;
				CLANG_WARN_NON_LITERAL_NULL_CONVERSION = YES;
				CLANG_WARN_OBJC_IMPLICIT_RETAIN_SELF = YES;
				CLANG_WARN_OBJC_LITERAL_CONVERSION = YES;
				CLANG_WARN_OBJC_ROOT_CLASS = YES_ERROR;
				CLANG_WARN_RANGE_LOOP_ANALYSIS = YES;
				CLANG_WARN_STRICT_PROTOTYPES = YES;
				CLANG_WARN_SUSPICIOUS_MOVE = YES;
				CLANG_WARN_UNGUARDED_AVAILABILITY = YES_AGGRESSIVE;
				CLANG_WARN_UNREACHABLE_CODE = YES;
				CLANG_WARN__DUPLICATE_METHOD_MATCH = YES;
				CODE_SIGN_IDENTITY = "iPhone Developer";
				COPY_PHASE_STRIP = NO;
				DEBUG_INFORMATION_FORMAT = "dwarf-with-dsym";
				ENABLE_NS_ASSERTIONS = NO;
				ENABLE_STRICT_OBJC_MSGSEND = YES;
				GCC_C_LANGUAGE_STANDARD = gnu11;
				GCC_NO_COMMON_BLOCKS = YES;
				GCC_WARN_64_TO_32_BIT_CONVERSION = YES;
				GCC_WARN_ABOUT_RETURN_TYPE = YES_ERROR;
				GCC_WARN_UNDECLARED_SELECTOR = YES;
				GCC_WARN_UNINITIALIZED_AUTOS = YES_AGGRESSIVE;
				GCC_WARN_UNUSED_FUNCTION = YES;
				GCC_WARN_UNUSED_VARIABLE = YES;
				IPHONEOS_DEPLOYMENT_TARGET = 12.1;
				MTL_ENABLE_DEBUG_INFO = NO;
				MTL_FAST_MATH = YES;
				SDKROOT = iphoneos;
				SWIFT_COMPILATION_MODE = wholemodule;
				SWIFT_OPTIMIZATION_LEVEL = "-O";
				VALIDATE_PRODUCT = YES;
			};
			name = Release;
		};
		AB9B2D8321B27A820059A83E /* Debug */ = {
			isa = XCBuildConfiguration;
			buildSettings = {
				ASSETCATALOG_COMPILER_APPICON_NAME = AppIcon;
				CODE_SIGN_STYLE = Automatic;
				INFOPLIST_FILE = homework18/Info.plist;
				LD_RUNPATH_SEARCH_PATHS = (
					"$(inherited)",
					"@executable_path/Frameworks",
				);
				PRODUCT_BUNDLE_IDENTIFIER = Impulsis.homework18;
				PRODUCT_NAME = "$(TARGET_NAME)";
				SWIFT_VERSION = 4.2;
				TARGETED_DEVICE_FAMILY = "1,2";
			};
			name = Debug;
		};
		AB9B2D8421B27A820059A83E /* Release */ = {
			isa = XCBuildConfiguration;
			buildSettings = {
				ASSETCATALOG_COMPILER_APPICON_NAME = AppIcon;
				CODE_SIGN_STYLE = Automatic;
				INFOPLIST_FILE = homework18/Info.plist;
				LD_RUNPATH_SEARCH_PATHS = (
					"$(inherited)",
					"@executable_path/Frameworks",
				);
				PRODUCT_BUNDLE_IDENTIFIER = Impulsis.homework18;
				PRODUCT_NAME = "$(TARGET_NAME)";
				SWIFT_VERSION = 4.2;
				TARGETED_DEVICE_FAMILY = "1,2";
			};
			name = Release;
		};
/* End XCBuildConfiguration section */

/* Begin XCConfigurationList section */
		AB9B2D6B21B27A7F0059A83E /* Build configuration list for PBXProject "homework18" */ = {
			isa = XCConfigurationList;
			buildConfigurations = (
				AB9B2D8021B27A820059A83E /* Debug */,
				AB9B2D8121B27A820059A83E /* Release */,
			);
			defaultConfigurationIsVisible = 0;
			defaultConfigurationName = Release;
		};
		AB9B2D8221B27A820059A83E /* Build configuration list for PBXNativeTarget "homework18" */ = {
			isa = XCConfigurationList;
			buildConfigurations = (
				AB9B2D8321B27A820059A83E /* Debug */,
				AB9B2D8421B27A820059A83E /* Release */,
			);
			defaultConfigurationIsVisible = 0;
			defaultConfigurationName = Release;
		};
/* End XCConfigurationList section */
	};
	rootObject = AB9B2D6821B27A7F0059A83E /* Project object */;
}
